schema: '2.0'
stages:
  raw_dataset_creation:
    cmd: python src/data/load_data.py --config=params.yaml
    deps:
    - path: data/external/train.csv
      md5: 8929517566f004183dff480fdd48afe0
      size: 391872
    - path: src/data/load_data.py
      md5: e4cb5a18d5f477d48f9e7d86516b481b
      size: 1456
    outs:
    - path: data/raw/train.csv
      md5: 9b61c38a459d36244dbf8e6940236371
      size: 120397
  split_data:
    cmd: python src/data/split_data.py --config=params.yaml
    deps:
    - path: data/raw/train.csv
      md5: 9b61c38a459d36244dbf8e6940236371
      size: 120397
    - path: src/data/split_data.py
      md5: 64a0db24f26b14498dc97e714cbf6088
      size: 1394
    outs:
    - path: data/processed/churn_test.csv
      md5: c3a4965f71511e72d4af9ac650f47505
      size: 24209
    - path: data/processed/churn_train.csv
      md5: 8358e3ab11f8301c58d3b0e5aa99a6fd
      size: 96317
  model_train:
    cmd: python src/models/train_model.py --config=params.yaml
    deps:
    - path: data/processed/churn_test.csv
      md5: c3a4965f71511e72d4af9ac650f47505
      size: 24209
    - path: data/processed/churn_train.csv
      md5: 8358e3ab11f8301c58d3b0e5aa99a6fd
      size: 96317
    - path: src/models/train_model.py
      md5: a75354416d3444a5cbef6c94683213c9
      size: 3880
    params:
      params.yaml:
        random_forest.max_depth: 10
        random_forest.n_estimators: 30
  log_production_model:
    cmd: python src/models/production_model_selection.py --config=params.yaml
    deps:
    - path: src/models/production_model_selection.py
      md5: 7796b1e018dd909e0f21daa6e386a97e
      size: 1728
    params:
      params.yaml:
        random_forest.max_depth: 10
        random_forest.n_estimators: 30
    outs:
    - path: models/model.joblib
      md5: 3bac3819322abf4a2a6ee77dd602be49
      size: 646587
